github.com/nlopes/slack v0.0.1 h1:TyFfv41qapa3DVcEVsvff3wuOcbKaK8T9UU4JMoOa88=
github.com/nlopes/slack v0.0.1/go.mod h1:jVI4BBK3lSktibKahxBF74txcK2vyvkza1z/+rRnVAM=
golang.org/x/net v0.33.0 h1:74SYHlV8BIgHIFC/LrYkOGIwL19eTYXQ5wc6TBuO36I=
golang.org/x/net v0.33.0/go.mod h1:HXLR5J+9DxmrqMwG9qjGCxZ+zKXxBru04zlTvWlWuN4=
